
Microsoft Visual Studio Solution File, Format Version 12.00
# Visual Studio Version 16
VisualStudioVersion = 16.0.33214.272
MinimumVisualStudioVersion = 10.0.40219.1
Project("{F184B08F-C81C-45F6-A57F-5ABD9991F28F}") = "ClassLibraryProyectoFinal", "ClassLibraryProyectoFinal\ClassLibraryProyectoFinal.vbproj", "{C57A49E4-0D54-454F-846D-ABBDF35A8EC8}"
EndProject
Global
	GlobalSection(SolutionConfigurationPlatforms) = preSolution
		Debug|Any CPU = Debug|Any CPU
		Release|Any CPU = Release|Any CPU
	EndGlobalSection
	GlobalSection(ProjectConfigurationPlatforms) = postSolution
		{C57A49E4-0D54-454F-846D-ABBDF35A8EC8}.Debug|Any CPU.ActiveCfg = Debug|Any CPU
		{C57A49E4-0D54-454F-846D-ABBDF35A8EC8}.Debug|Any CPU.Build.0 = Debug|Any CPU
		{C57A49E4-0D54-454F-846D-ABBDF35A8EC8}.Release|Any CPU.ActiveCfg = Release|Any CPU
		{C57A49E4-0D54-454F-846D-ABBDF35A8EC8}.Release|Any CPU.Build.0 = Release|Any CPU
	EndGlobalSection
	GlobalSection(SolutionProperties) = preSolution
		HideSolutionNode = FALSE
	EndGlobalSection
	GlobalSection(ExtensibilityGlobals) = postSolution
		SolutionGuid = {0E6C9573-D641-4151-AF0A-20B76BBEC937}
	EndGlobalSection
EndGlobal
